
Microsoft Visual Studio Solution File, Format Version 12.00
# Visual Studio 15
VisualStudioVersion = 15.0.28307.572
MinimumVisualStudioVersion = 10.0.40219.1
Project("{FAE04EC0-301F-11D3-BF4B-00C04F79EFBC}") = "CSharpPractice_DoanVanToan", "CSharpPractice_DoanVanToan\CSharpPractice_DoanVanToan.csproj", "{7CBD1A0A-8B21-4FE7-B0D6-75B8F9F06541}"
EndProject
Global
	GlobalSection(SolutionConfigurationPlatforms) = preSolution
		Debug|Any CPU = Debug|Any CPU
		Release|Any CPU = Release|Any CPU
	EndGlobalSection
	GlobalSection(ProjectConfigurationPlatforms) = postSolution
		{7CBD1A0A-8B21-4FE7-B0D6-75B8F9F06541}.Debug|Any CPU.ActiveCfg = Debug|Any CPU
		{7CBD1A0A-8B21-4FE7-B0D6-75B8F9F06541}.Debug|Any CPU.Build.0 = Debug|Any CPU
		{7CBD1A0A-8B21-4FE7-B0D6-75B8F9F06541}.Release|Any CPU.ActiveCfg = Release|Any CPU
		{7CBD1A0A-8B21-4FE7-B0D6-75B8F9F06541}.Release|Any CPU.Build.0 = Release|Any CPU
	EndGlobalSection
	GlobalSection(SolutionProperties) = preSolution
		HideSolutionNode = FALSE
	EndGlobalSection
	GlobalSection(ExtensibilityGlobals) = postSolution
		SolutionGuid = {1732B2C9-0E1B-44B1-873B-BC9D31E1113E}
	EndGlobalSection
EndGlobal
